PODS:
  - Kingfisher (5.13.0):
    - Kingfisher/Core (= 5.13.0)
  - Kingfisher/Core (5.13.0)
  - KingfisherWebP (0.7.0):
    - Kingfisher
    - libwebp
  - libwebp (1.1.0):
    - libwebp/demux (= 1.1.0)
    - libwebp/mux (= 1.1.0)
    - libwebp/webp (= 1.1.0)
  - libwebp/demux (1.1.0):
    - libwebp/webp
  - libwebp/mux (1.1.0):
    - libwebp/demux
  - libwebp/webp (1.1.0)

DEPENDENCIES:
  - KingfisherWebP (from `../`)

SPEC REPOS:
  trunk:
    - Kingfisher
    - libwebp

EXTERNAL SOURCES:
  KingfisherWebP:
    :path: "../"

SPEC CHECKSUMS:
  Kingfisher: 0d334cada987fcddbe9b5cec516406e1ee9d4748
  KingfisherWebP: 3b2f0a87927c8a7466e44c8f42de26aae49050c6
  libwebp: 946cb3063cea9236285f7e9a8505d806d30e07f3

PODFILE CHECKSUM: d9811ac141dac0a9a9ac45e7a2a63b7384215461

COCOAPODS: 1.8.4
